{
  "name": "irr-server",
  "version": "1.0.0",
  "lockfileVersion": 1,
  "requires": true,
  "dependencies": {
    "ansi-regex": {
      "version": "5.0.0",
      "resolved": "http://registry.npm.qima-inc.com/ansi-regex/download/ansi-regex-5.0.0.tgz",
      "integrity": "sha1-OIU59VF5vzkznIGvMKZU1p+Hy3U="
    },
    "ansi-styles": {
      "version": "4.3.0",
      "resolved": "http://registry.npm.qima-inc.com/ansi-styles/download/ansi-styles-4.3.0.tgz",
      "integrity": "sha1-7dgDYornHATIWuegkG7a00tkiTc=",
      "requires": {
        "color-convert": "2.0.1"
      }
    },
    "balanced-match": {
      "version": "1.0.0",
      "resolved": "http://registry.npm.qima-inc.com/balanced-match/download/balanced-match-1.0.0.tgz",
      "integrity": "sha1-ibTRmasr7kneFk6gK4nORi1xt2c=",
      "optional": true
    },
    "bluebird": {
      "version": "3.7.2",
      "resolved": "http://registry.npm.qima-inc.com/bluebird/download/bluebird-3.7.2.tgz",
      "integrity": "sha1-nyKcFb4nJFT/qXOs4NvueaGww28="
    },
    "brace-expansion": {
      "version": "1.1.11",
      "resolved": "http://registry.npm.qima-inc.com/brace-expansion/download/brace-expansion-1.1.11.tgz",
      "integrity": "sha1-PH/L9SnYcibz0vUrlm/1Jx60Qd0=",
      "optional": true,
      "requires": {
        "balanced-match": "1.0.0",
        "concat-map": "0.0.1"
      }
    },
    "bunyan": {
      "version": "1.8.15",
      "resolved": "http://registry.npm.qima-inc.com/bunyan/download/bunyan-1.8.15.tgz",
      "integrity": "sha1-jONMqQihfQd2V2yhsvbL2RbpO0Y=",
      "requires": {
        "dtrace-provider": "0.8.8",
        "moment": "2.29.1",
        "mv": "2.1.1",
        "safe-json-stringify": "1.2.0"
      }
    },
    "camelcase": {
      "version": "5.3.1",
      "resolved": "http://registry.npm.qima-inc.com/camelcase/download/camelcase-5.3.1.tgz",
      "integrity": "sha1-48mzFWnhBoEd8kL3FXJaH0xJQyA="
    },
    "cidr-regex": {
      "version": "3.1.1",
      "resolved": "http://registry.npm.qima-inc.com/cidr-regex/download/cidr-regex-3.1.1.tgz",
      "integrity": "sha1-uhlyxXxm9hh18Y/X3Uh0aXcLVx0=",
      "requires": {
        "ip-regex": "4.3.0"
      }
    },
    "cliui": {
      "version": "6.0.0",
      "resolved": "http://registry.npm.qima-inc.com/cliui/download/cliui-6.0.0.tgz",
      "integrity": "sha1-UR1wLAxOQcoVbX0OlgIfI+EyJbE=",
      "requires": {
        "string-width": "4.2.2",
        "strip-ansi": "6.0.0",
        "wrap-ansi": "6.2.0"
      }
    },
    "color-convert": {
      "version": "2.0.1",
      "resolved": "http://registry.npm.qima-inc.com/color-convert/download/color-convert-2.0.1.tgz",
      "integrity": "sha1-ctOmjVmMm9s68q0ehPIdiWq9TeM=",
      "requires": {
        "color-name": "1.1.4"
      }
    },
    "color-name": {
      "version": "1.1.4",
      "resolved": "http://registry.npm.qima-inc.com/color-name/download/color-name-1.1.4.tgz",
      "integrity": "sha1-wqCah6y95pVD3m9j+jmVyCbFNqI="
    },
    "concat-map": {
      "version": "0.0.1",
      "resolved": "http://registry.npm.qima-inc.com/concat-map/download/concat-map-0.0.1.tgz",
      "integrity": "sha1-2Klr13/Wjfd5OnMDajug1UBdR3s=",
      "optional": true
    },
    "decamelize": {
      "version": "1.2.0",
      "resolved": "http://registry.npm.qima-inc.com/decamelize/download/decamelize-1.2.0.tgz",
      "integrity": "sha1-9lNNFRSCabIDUue+4m9QH5oZEpA="
    },
    "dtrace-provider": {
      "version": "0.8.8",
      "resolved": "http://registry.npm.qima-inc.com/dtrace-provider/download/dtrace-provider-0.8.8.tgz",
      "integrity": "sha1-KZbVSQw34TR74mO0I+17KX+w2X4=",
      "optional": true,
      "requires": {
        "nan": "2.14.2"
      }
    },
    "emoji-regex": {
      "version": "8.0.0",
      "resolved": "http://registry.npm.qima-inc.com/emoji-regex/download/emoji-regex-8.0.0.tgz",
      "integrity": "sha1-6Bj9ac5cz8tARZT4QpY79TFkzDc="
    },
    "find-up": {
      "version": "4.1.0",
      "resolved": "http://registry.npm.qima-inc.com/find-up/download/find-up-4.1.0.tgz",
      "integrity": "sha1-l6/n1s3AvFkoWEt8jXsW6KmqXRk=",
      "requires": {
        "locate-path": "5.0.0",
        "path-exists": "4.0.0"
      }
    },
    "ftp-srv": {
      "version": "4.4.0",
      "resolved": "https://registry.npmjs.org/ftp-srv/-/ftp-srv-4.4.0.tgz",
      "integrity": "sha512-n/a9Z62VPvgdb/ltPSilSvH+hffGgwCJCVaHmGCVYgYxvh+GlyStapg3TNBXrKstBINRDe5wQGfl03RQ4+b1/w==",
      "requires": {
        "bluebird": "3.7.2",
        "bunyan": "1.8.15",
        "ip": "1.1.5",
        "lodash": "4.17.21",
        "moment": "2.29.1",
        "uuid": "3.4.0",
        "yargs": "15.4.1"
      }
    },
    "get-caller-file": {
      "version": "2.0.5",
      "resolved": "http://registry.npm.qima-inc.com/get-caller-file/download/get-caller-file-2.0.5.tgz",
      "integrity": "sha1-T5RBKoLbMvNuOwuXQfipf+sDH34="
    },
    "glob": {
      "version": "6.0.4",
      "resolved": "http://registry.npm.qima-inc.com/glob/download/glob-6.0.4.tgz",
      "integrity": "sha1-DwiGD2oVUSey+t1PnOJLGqtuTSI=",
      "optional": true,
      "requires": {
        "inflight": "1.0.6",
        "inherits": "2.0.4",
        "minimatch": "3.0.4",
        "once": "1.4.0",
        "path-is-absolute": "1.0.1"
      }
    },
    "graceful-fs": {
      "version": "4.2.6",
      "resolved": "http://registry.npm.qima-inc.com/graceful-fs/download/graceful-fs-4.2.6.tgz",
      "integrity": "sha1-/wQLKwhTsjw9MQJ1I3BvGIXXa+4="
    },
    "inflight": {
      "version": "1.0.6",
      "resolved": "http://registry.npm.qima-inc.com/inflight/download/inflight-1.0.6.tgz",
      "integrity": "sha1-Sb1jMdfQLQwJvJEKEHW6gWW1bfk=",
      "optional": true,
      "requires": {
        "once": "1.4.0",
        "wrappy": "1.0.2"
      }
    },
    "inherits": {
      "version": "2.0.4",
      "resolved": "http://registry.npm.qima-inc.com/inherits/download/inherits-2.0.4.tgz",
      "integrity": "sha1-D6LGT5MpF8NDOg3tVTY6rjdBa3w=",
      "optional": true
    },
    "ip": {
      "version": "1.1.5",
      "resolved": "http://registry.npm.qima-inc.com/ip/download/ip-1.1.5.tgz",
      "integrity": "sha1-vd7XARQpCCjAoDnnLvJfWq7ENUo="
    },
    "ip-regex": {
      "version": "4.3.0",
      "resolved": "http://registry.npm.qima-inc.com/ip-regex/download/ip-regex-4.3.0.tgz",
      "integrity": "sha1-aHJ1qw9X+naXj/j03dyKI9WZDbU="
    },
    "is-fullwidth-code-point": {
      "version": "3.0.0",
      "resolved": "http://registry.npm.qima-inc.com/is-fullwidth-code-point/download/is-fullwidth-code-point-3.0.0.tgz",
      "integrity": "sha1-8Rb4Bk/pCz94RKOJl8C3UFEmnx0="
    },
    "is-promise": {
      "version": "2.2.2",
      "resolved": "http://registry.npm.qima-inc.com/is-promise/download/is-promise-2.2.2.tgz",
      "integrity": "sha1-OauVnMv5p3TPB597QMeib3YxNfE="
    },
    "locate-path": {
      "version": "5.0.0",
      "resolved": "http://registry.npm.qima-inc.com/locate-path/download/locate-path-5.0.0.tgz",
      "integrity": "sha1-Gvujlq/WdqbUJQTQpno6frn2KqA=",
      "requires": {
        "p-locate": "4.1.0"
      }
    },
    "lodash": {
      "version": "4.17.21",
      "resolved": "http://registry.npm.qima-inc.com/lodash/download/lodash-4.17.21.tgz",
      "integrity": "sha1-Z5WRxWTDv/quhFTPCz3zcMPWkRw="
    },
    "lowdb": {
      "version": "1.0.0",
      "resolved": "http://registry.npm.qima-inc.com/lowdb/download/lowdb-1.0.0.tgz",
      "integrity": "sha1-UkO+ayJ4bMzjDlDJoz6sNrIMgGQ=",
      "requires": {
        "graceful-fs": "4.2.6",
        "is-promise": "2.2.2",
        "lodash": "4.17.21",
        "pify": "3.0.0",
        "steno": "0.4.4"
      }
    },
    "minimatch": {
      "version": "3.0.4",
      "resolved": "http://registry.npm.qima-inc.com/minimatch/download/minimatch-3.0.4.tgz",
      "integrity": "sha1-UWbihkV/AzBgZL5Ul+jbsMPTIIM=",
      "optional": true,
      "requires": {
        "brace-expansion": "1.1.11"
      }
    },
    "minimist": {
      "version": "1.2.5",
      "resolved": "http://registry.npm.qima-inc.com/minimist/download/minimist-1.2.5.tgz",
      "integrity": "sha1-Z9ZgFLZqaoqqDAg8X9WN9OTpdgI=",
      "optional": true
    },
    "mkdirp": {
      "version": "0.5.5",
      "resolved": "http://registry.npm.qima-inc.com/mkdirp/download/mkdirp-0.5.5.tgz",
      "integrity": "sha1-2Rzv1i0UNsoPQWIOJRKI1CAJne8=",
      "optional": true,
      "requires": {
        "minimist": "1.2.5"
      }
    },
    "moment": {
      "version": "2.29.1",
      "resolved": "http://registry.npm.qima-inc.com/moment/download/moment-2.29.1.tgz",
      "integrity": "sha1-sr52n6MZQL6e7qZGnAdeNQBvo9M="
    },
    "mv": {
      "version": "2.1.1",
      "resolved": "http://registry.npm.qima-inc.com/mv/download/mv-2.1.1.tgz",
      "integrity": "sha1-rmzg1vbV4KT32JN5jQPB6pVZtqI=",
      "optional": true,
      "requires": {
        "mkdirp": "0.5.5",
        "ncp": "2.0.0",
        "rimraf": "2.4.5"
      }
    },
    "nan": {
      "version": "2.14.2",
      "resolved": "http://registry.npm.qima-inc.com/nan/download/nan-2.14.2.tgz",
      "integrity": "sha1-9TdkAGlRaPTMaUrJOT0MlYXu6hk=",
      "optional": true
    },
    "ncp": {
      "version": "2.0.0",
      "resolved": "http://registry.npm.qima-inc.com/ncp/download/ncp-2.0.0.tgz",
      "integrity": "sha1-GVoh1sRuNh0vsSgbo4uR6d9727M=",
      "optional": true
    },
    "once": {
      "version": "1.4.0",
      "resolved": "http://registry.npm.qima-inc.com/once/download/once-1.4.0.tgz",
      "integrity": "sha1-WDsap3WWHUsROsF9nFC6753Xa9E=",
      "requires": {
        "wrappy": "1.0.2"
      }
    },
    "p-limit": {
      "version": "2.3.0",
      "resolved": "http://registry.npm.qima-inc.com/p-limit/download/p-limit-2.3.0.tgz",
      "integrity": "sha1-PdM8ZHohT9//2DWTPrCG2g3CHbE=",
      "requires": {
        "p-try": "2.2.0"
      }
    },
    "p-locate": {
      "version": "4.1.0",
      "resolved": "http://registry.npm.qima-inc.com/p-locate/download/p-locate-4.1.0.tgz",
      "integrity": "sha1-o0KLtwiLOmApL2aRkni3wpetTwc=",
      "requires": {
        "p-limit": "2.3.0"
      }
    },
    "p-try": {
      "version": "2.2.0",
      "resolved": "http://registry.npm.qima-inc.com/p-try/download/p-try-2.2.0.tgz",
      "integrity": "sha1-yyhoVA4xPWHeWPr741zpAE1VQOY="
    },
    "path-exists": {
      "version": "4.0.0",
      "resolved": "http://registry.npm.qima-inc.com/path-exists/download/path-exists-4.0.0.tgz",
      "integrity": "sha1-UTvb4tO5XXdi6METfvoZXGxhtbM="
    },
    "path-is-absolute": {
      "version": "1.0.1",
      "resolved": "http://registry.npm.qima-inc.com/path-is-absolute/download/path-is-absolute-1.0.1.tgz",
      "integrity": "sha1-F0uSaHNVNP+8es5r9TpanhtcX18=",
      "optional": true
    },
    "pify": {
      "version": "3.0.0",
      "resolved": "http://registry.npm.qima-inc.com/pify/download/pify-3.0.0.tgz",
      "integrity": "sha1-5aSs0sEB/fPZpNB/DbxNtJ3SgXY="
    },
    "require-directory": {
      "version": "2.1.1",
      "resolved": "http://registry.npm.qima-inc.com/require-directory/download/require-directory-2.1.1.tgz",
      "integrity": "sha1-jGStX9MNqxyXbiNE/+f3kqam30I="
    },
    "require-main-filename": {
      "version": "2.0.0",
      "resolved": "http://registry.npm.qima-inc.com/require-main-filename/download/require-main-filename-2.0.0.tgz",
      "integrity": "sha1-0LMp7MfMD2Fkn2IhW+aa9UqomJs="
    },
    "rimraf": {
      "version": "2.4.5",
      "resolved": "http://registry.npm.qima-inc.com/rimraf/download/rimraf-2.4.5.tgz",
      "integrity": "sha1-7nEM5dk6j9uFb7Xqj/Di11k0sto=",
      "optional": true,
      "requires": {
        "glob": "6.0.4"
      }
    },
    "safe-json-stringify": {
      "version": "1.2.0",
      "resolved": "http://registry.npm.qima-inc.com/safe-json-stringify/download/safe-json-stringify-1.2.0.tgz",
      "integrity": "sha1-NW5EvJjx+TzkXfFLzXwBzahuCv0=",
      "optional": true
    },
    "set-blocking": {
      "version": "2.0.0",
      "resolved": "http://registry.npm.qima-inc.com/set-blocking/download/set-blocking-2.0.0.tgz",
      "integrity": "sha1-BF+XgtARrppoA93TgrJDkrPYkPc="
    },
    "steno": {
      "version": "0.4.4",
      "resolved": "http://registry.npm.qima-inc.com/steno/download/steno-0.4.4.tgz",
      "integrity": "sha1-BxEFvfwobmYVwEA8J+nXtdy4Vcs=",
      "requires": {
        "graceful-fs": "4.2.6"
      }
    },
    "string-width": {
      "version": "4.2.2",
      "resolved": "http://registry.npm.qima-inc.com/string-width/download/string-width-4.2.2.tgz",
      "integrity": "sha1-2v1PlVmnWFz7pSnGoKT3NIjr1MU=",
      "requires": {
        "emoji-regex": "8.0.0",
        "is-fullwidth-code-point": "3.0.0",
        "strip-ansi": "6.0.0"
      }
    },
    "strip-ansi": {
      "version": "6.0.0",
      "resolved": "http://registry.npm.qima-inc.com/strip-ansi/download/strip-ansi-6.0.0.tgz",
      "integrity": "sha1-CxVx3XZpzNTz4G4U7x7tJiJa5TI=",
      "requires": {
        "ansi-regex": "5.0.0"
      }
    },
    "uuid": {
      "version": "3.4.0",
      "resolved": "http://registry.npm.qima-inc.com/uuid/download/uuid-3.4.0.tgz",
      "integrity": "sha1-sj5DWK+oogL+ehAK8fX4g/AgB+4="
    },
    "which-module": {
      "version": "2.0.0",
      "resolved": "http://registry.npm.qima-inc.com/which-module/download/which-module-2.0.0.tgz",
      "integrity": "sha1-2e8H3Od7mQK4o6j6SzHD4/fm6Ho="
    },
    "wrap-ansi": {
      "version": "6.2.0",
      "resolved": "http://registry.npm.qima-inc.com/wrap-ansi/download/wrap-ansi-6.2.0.tgz",
      "integrity": "sha1-6Tk7oHEC5skaOyIUePAlfNKFblM=",
      "requires": {
        "ansi-styles": "4.3.0",
        "string-width": "4.2.2",
        "strip-ansi": "6.0.0"
      }
    },
    "wrappy": {
      "version": "1.0.2",
      "resolved": "http://registry.npm.qima-inc.com/wrappy/download/wrappy-1.0.2.tgz",
      "integrity": "sha1-tSQ9jz7BqjXxNkYFvA0QNuMKtp8="
    },
    "y18n": {
      "version": "4.0.1",
      "resolved": "http://registry.npm.qima-inc.com/y18n/download/y18n-4.0.1.tgz",
      "integrity": "sha1-jbK4PDHF11CZu4kLI/MJSJHiR9Q="
    },
    "yargs": {
      "version": "15.4.1",
      "resolved": "http://registry.npm.qima-inc.com/yargs/download/yargs-15.4.1.tgz",
      "integrity": "sha1-DYehbeAa7p2L7Cv7909nhRcw9Pg=",
      "requires": {
        "cliui": "6.0.0",
        "decamelize": "1.2.0",
        "find-up": "4.1.0",
        "get-caller-file": "2.0.5",
        "require-directory": "2.1.1",
        "require-main-filename": "2.0.0",
        "set-blocking": "2.0.0",
        "string-width": "4.2.2",
        "which-module": "2.0.0",
        "y18n": "4.0.1",
        "yargs-parser": "18.1.3"
      }
    },
    "yargs-parser": {
      "version": "18.1.3",
      "resolved": "http://registry.npm.qima-inc.com/yargs-parser/download/yargs-parser-18.1.3.tgz",
      "integrity": "sha1-vmjEl1xrKr9GkjawyHA2L6sJp7A=",
      "requires": {
        "camelcase": "5.3.1",
        "decamelize": "1.2.0"
      }
    }
  }
}
